
Microsoft Visual Studio Solution File, Format Version 12.00
# Visual Studio Version 17
VisualStudioVersion = 17.2.32616.157
MinimumVisualStudioVersion = 10.0.40219.1
Project("{9A19103F-16F7-4668-BE54-9A1E7A4F7556}") = "assignment4", "assignment4\assignment4.csproj", "{29CB4D67-97CB-4F1F-9BAF-D10745C7856C}"
EndProject
Project("{FAE04EC0-301F-11D3-BF4B-00C04F79EFBC}") = "StringClassLibTest", "StringClassLibTest\StringClassLibTest.csproj", "{2475BEFC-4058-48DA-B02D-5429BB158B10}"
EndProject
Global
	GlobalSection(SolutionConfigurationPlatforms) = preSolution
		Debug|Any CPU = Debug|Any CPU
		Release|Any CPU = Release|Any CPU
	EndGlobalSection
	GlobalSection(ProjectConfigurationPlatforms) = postSolution
		{29CB4D67-97CB-4F1F-9BAF-D10745C7856C}.Debug|Any CPU.ActiveCfg = Debug|Any CPU
		{29CB4D67-97CB-4F1F-9BAF-D10745C7856C}.Debug|Any CPU.Build.0 = Debug|Any CPU
		{29CB4D67-97CB-4F1F-9BAF-D10745C7856C}.Release|Any CPU.ActiveCfg = Release|Any CPU
		{29CB4D67-97CB-4F1F-9BAF-D10745C7856C}.Release|Any CPU.Build.0 = Release|Any CPU
		{2475BEFC-4058-48DA-B02D-5429BB158B10}.Debug|Any CPU.ActiveCfg = Debug|Any CPU
		{2475BEFC-4058-48DA-B02D-5429BB158B10}.Debug|Any CPU.Build.0 = Debug|Any CPU
		{2475BEFC-4058-48DA-B02D-5429BB158B10}.Release|Any CPU.ActiveCfg = Release|Any CPU
		{2475BEFC-4058-48DA-B02D-5429BB158B10}.Release|Any CPU.Build.0 = Release|Any CPU
	EndGlobalSection
	GlobalSection(SolutionProperties) = preSolution
		HideSolutionNode = FALSE
	EndGlobalSection
	GlobalSection(ExtensibilityGlobals) = postSolution
		SolutionGuid = {A7E80182-9E05-49F2-B6DE-5780FB7C41BE}
	EndGlobalSection
EndGlobal
