
Microsoft Visual Studio Solution File, Format Version 12.00
# Visual Studio Version 17
VisualStudioVersion = 17.2.32616.157
MinimumVisualStudioVersion = 10.0.40219.1
Project("{FAE04EC0-301F-11D3-BF4B-00C04F79EFBC}") = "DemoClassLibrary", "DemoClassLibrary\DemoClassLibrary.csproj", "{7B79F72F-C30E-4C5F-B3A3-DB24A72BE13C}"
EndProject
Global
	GlobalSection(SolutionConfigurationPlatforms) = preSolution
		Debug|Any CPU = Debug|Any CPU
		Release|Any CPU = Release|Any CPU
	EndGlobalSection
	GlobalSection(ProjectConfigurationPlatforms) = postSolution
		{7B79F72F-C30E-4C5F-B3A3-DB24A72BE13C}.Debug|Any CPU.ActiveCfg = Debug|Any CPU
		{7B79F72F-C30E-4C5F-B3A3-DB24A72BE13C}.Debug|Any CPU.Build.0 = Debug|Any CPU
		{7B79F72F-C30E-4C5F-B3A3-DB24A72BE13C}.Release|Any CPU.ActiveCfg = Release|Any CPU
		{7B79F72F-C30E-4C5F-B3A3-DB24A72BE13C}.Release|Any CPU.Build.0 = Release|Any CPU
	EndGlobalSection
	GlobalSection(SolutionProperties) = preSolution
		HideSolutionNode = FALSE
	EndGlobalSection
	GlobalSection(ExtensibilityGlobals) = postSolution
		SolutionGuid = {3C7318B6-B682-4E67-A10D-7228C6598198}
	EndGlobalSection
EndGlobal
